
Microsoft Visual Studio Solution File, Format Version 12.00
# Visual Studio Version 17
VisualStudioVersion = 17.10.35027.167
MinimumVisualStudioVersion = 10.0.40219.1
Project("{9A19103F-16F7-4668-BE54-9A1E7A4F7556}") = "HotelAccommodationManagementApi", "HotelAccommodationManagementApi\HotelAccommodationManagementApi.csproj", "{ED3E6EC0-062E-4AC8-A3F1-56648F5F4EC4}"
EndProject
Project("{9A19103F-16F7-4668-BE54-9A1E7A4F7556}") = "HotelAccommodationManagementDomain", "HotelAccommodationManagementDomain\HotelAccommodationManagementDomain.csproj", "{A84BBEB5-FD2B-4BD9-9E7F-414CD8F17871}"
EndProject
Project("{9A19103F-16F7-4668-BE54-9A1E7A4F7556}") = "HotelAccommodationManagementApplication", "HotelAccommodationManagementApplication\HotelAccommodationManagementApplication.csproj", "{1C14AF10-EDED-4B4E-84BF-66F111310ABD}"
EndProject
Project("{9A19103F-16F7-4668-BE54-9A1E7A4F7556}") = "HotelAccommodationManagementInfrastructure", "HotelAccommodationManagementInfraestructure\HotelAccommodationManagementInfrastructure.csproj", "{3C784512-E870-47DA-B839-7F0DB3F8055E}"
EndProject
Project("{FAE04EC0-301F-11D3-BF4B-00C04F79EFBC}") = "HotelAccommodationManagementTest", "HotelAccommodationManagementTest\HotelAccommodationManagementTest.csproj", "{D7007C20-C5CB-4CB1-8D77-FA23D76CCB68}"
EndProject
Global
	GlobalSection(SolutionConfigurationPlatforms) = preSolution
		Debug|Any CPU = Debug|Any CPU
		Release|Any CPU = Release|Any CPU
	EndGlobalSection
	GlobalSection(ProjectConfigurationPlatforms) = postSolution
		{ED3E6EC0-062E-4AC8-A3F1-56648F5F4EC4}.Debug|Any CPU.ActiveCfg = Debug|Any CPU
		{ED3E6EC0-062E-4AC8-A3F1-56648F5F4EC4}.Debug|Any CPU.Build.0 = Debug|Any CPU
		{ED3E6EC0-062E-4AC8-A3F1-56648F5F4EC4}.Release|Any CPU.ActiveCfg = Release|Any CPU
		{ED3E6EC0-062E-4AC8-A3F1-56648F5F4EC4}.Release|Any CPU.Build.0 = Release|Any CPU
		{A84BBEB5-FD2B-4BD9-9E7F-414CD8F17871}.Debug|Any CPU.ActiveCfg = Debug|Any CPU
		{A84BBEB5-FD2B-4BD9-9E7F-414CD8F17871}.Debug|Any CPU.Build.0 = Debug|Any CPU
		{A84BBEB5-FD2B-4BD9-9E7F-414CD8F17871}.Release|Any CPU.ActiveCfg = Release|Any CPU
		{A84BBEB5-FD2B-4BD9-9E7F-414CD8F17871}.Release|Any CPU.Build.0 = Release|Any CPU
		{1C14AF10-EDED-4B4E-84BF-66F111310ABD}.Debug|Any CPU.ActiveCfg = Debug|Any CPU
		{1C14AF10-EDED-4B4E-84BF-66F111310ABD}.Debug|Any CPU.Build.0 = Debug|Any CPU
		{1C14AF10-EDED-4B4E-84BF-66F111310ABD}.Release|Any CPU.ActiveCfg = Release|Any CPU
		{1C14AF10-EDED-4B4E-84BF-66F111310ABD}.Release|Any CPU.Build.0 = Release|Any CPU
		{3C784512-E870-47DA-B839-7F0DB3F8055E}.Debug|Any CPU.ActiveCfg = Debug|Any CPU
		{3C784512-E870-47DA-B839-7F0DB3F8055E}.Debug|Any CPU.Build.0 = Debug|Any CPU
		{3C784512-E870-47DA-B839-7F0DB3F8055E}.Release|Any CPU.ActiveCfg = Release|Any CPU
		{3C784512-E870-47DA-B839-7F0DB3F8055E}.Release|Any CPU.Build.0 = Release|Any CPU
		{D7007C20-C5CB-4CB1-8D77-FA23D76CCB68}.Debug|Any CPU.ActiveCfg = Debug|Any CPU
		{D7007C20-C5CB-4CB1-8D77-FA23D76CCB68}.Debug|Any CPU.Build.0 = Debug|Any CPU
		{D7007C20-C5CB-4CB1-8D77-FA23D76CCB68}.Release|Any CPU.ActiveCfg = Release|Any CPU
		{D7007C20-C5CB-4CB1-8D77-FA23D76CCB68}.Release|Any CPU.Build.0 = Release|Any CPU
	EndGlobalSection
	GlobalSection(SolutionProperties) = preSolution
		HideSolutionNode = FALSE
	EndGlobalSection
	GlobalSection(ExtensibilityGlobals) = postSolution
		SolutionGuid = {1B6C2762-984C-4764-A539-201E1BDA077E}
	EndGlobalSection
EndGlobal
